
Microsoft Visual Studio Solution File, Format Version 12.00
# Visual Studio Version 17
VisualStudioVersion = 17.11.35327.3
MinimumVisualStudioVersion = 10.0.40219.1
Project("{FAE04EC0-301F-11D3-BF4B-00C04F79EFBC}") = "Hexa.NET.FreeType", "Hexa.NET.FreeType\Hexa.NET.FreeType.csproj", "{C3AF7C83-27D9-4A87-BB73-95979AD5004A}"
EndProject
Project("{FAE04EC0-301F-11D3-BF4B-00C04F79EFBC}") = "Generator", "Generator\Generator.csproj", "{9E54B935-1E70-4414-A0D2-F422F3CB7EF5}"
EndProject
Project("{9A19103F-16F7-4668-BE54-9A1E7A4F7556}") = "Example", "Example\Example.csproj", "{8D1A773F-A6C5-42DE-9A56-F58295BF6577}"
EndProject
Global
	GlobalSection(SolutionConfigurationPlatforms) = preSolution
		Debug|Any CPU = Debug|Any CPU
		Release|Any CPU = Release|Any CPU
	EndGlobalSection
	GlobalSection(ProjectConfigurationPlatforms) = postSolution
		{C3AF7C83-27D9-4A87-BB73-95979AD5004A}.Debug|Any CPU.ActiveCfg = Debug|Any CPU
		{C3AF7C83-27D9-4A87-BB73-95979AD5004A}.Debug|Any CPU.Build.0 = Debug|Any CPU
		{C3AF7C83-27D9-4A87-BB73-95979AD5004A}.Release|Any CPU.ActiveCfg = Release|Any CPU
		{C3AF7C83-27D9-4A87-BB73-95979AD5004A}.Release|Any CPU.Build.0 = Release|Any CPU
		{9E54B935-1E70-4414-A0D2-F422F3CB7EF5}.Debug|Any CPU.ActiveCfg = Debug|Any CPU
		{9E54B935-1E70-4414-A0D2-F422F3CB7EF5}.Debug|Any CPU.Build.0 = Debug|Any CPU
		{9E54B935-1E70-4414-A0D2-F422F3CB7EF5}.Release|Any CPU.ActiveCfg = Release|Any CPU
		{9E54B935-1E70-4414-A0D2-F422F3CB7EF5}.Release|Any CPU.Build.0 = Release|Any CPU
		{8D1A773F-A6C5-42DE-9A56-F58295BF6577}.Debug|Any CPU.ActiveCfg = Debug|Any CPU
		{8D1A773F-A6C5-42DE-9A56-F58295BF6577}.Debug|Any CPU.Build.0 = Debug|Any CPU
		{8D1A773F-A6C5-42DE-9A56-F58295BF6577}.Release|Any CPU.ActiveCfg = Release|Any CPU
		{8D1A773F-A6C5-42DE-9A56-F58295BF6577}.Release|Any CPU.Build.0 = Release|Any CPU
	EndGlobalSection
	GlobalSection(SolutionProperties) = preSolution
		HideSolutionNode = FALSE
	EndGlobalSection
	GlobalSection(ExtensibilityGlobals) = postSolution
		SolutionGuid = {8C318B20-604C-4FFE-A9AE-766008981412}
	EndGlobalSection
EndGlobal
